{
  "lockfile-version": 1,
  "manifest": {
    "schema-version": "1.13.0",
    "install": {
      "claude-code": {
        "pkg-path": "claude-code",
        "pkg-group": "claude-code",
        "version": "^2.1.177"
      },
      "codex": {
        "pkg-path": "codex",
        "pkg-group": "codex",
        "version": "^0.139.0"
      },
      "go-task": {
        "pkg-path": "go-task",
        "version": "3.48.0"
      },
      "infer": {
        "flake": "github:inference-gateway/cli/v0.122.2"
      },
      "markdownlint-cli": {
        "pkg-path": "markdownlint-cli",
        "version": "^0.48.0"
      },
      "nodejs_24": {
        "pkg-path": "nodejs_24",
        "version": "^24.15.0",
        "outputs": "all"
      },
      "prettier": {
        "pkg-path": "prettier",
        "version": "^3.8.3"
      }
    },
    "options": {}
  },
  "packages": [
    {
      "attr_path": "claude-code",
      "broken": false,
      "derivation": "/nix/store/xl1drkxshl0rra7hnq7ad5d327bhwv2z-claude-code-2.1.177.drv",
      "description": "Agentic coding tool that lives in your terminal, understands your codebase, and helps you code faster",
      "install_id": "claude-code",
      "license": "Unfree",
      "locked_url": "https://github.com/flox/nixpkgs?rev=567a49d1913ce81ac6e9582e3553dd90a955875f",
      "name": "claude-code-2.1.177",
      "pname": "claude-code",
      "rev": "567a49d1913ce81ac6e9582e3553dd90a955875f",
      "rev_count": 1017464,
      "rev_date": "2026-06-16T02:33:49Z",
      "scrape_date": "2026-06-17T03:13:13.918673Z",
      "stabilities": [
        "unstable"
      ],
      "unfree": true,
      "version": "2.1.177",
      "outputs_to_install": [
        "out"
      ],
      "outputs": {
        "out": "/nix/store/yj3ivk803nib0jxn4ip99rp5pxihhib6-claude-code-2.1.177"
      },
      "system": "aarch64-darwin",
      "group": "claude-code",
      "priority": 5
    },
    {
      "attr_path": "claude-code",
      "broken": false,
      "derivation": "/nix/store/cz2hkz6kv5cblj96pmbhcjir4djl5l9f-claude-code-2.1.177.drv",
      "description": "Agentic coding tool that lives in your terminal, understands your codebase, and helps you code faster",
      "install_id": "claude-code",
      "license": "Unfree",
      "locked_url": "https://github.com/flox/nixpkgs?rev=567a49d1913ce81ac6e9582e3553dd90a955875f",
      "name": "claude-code-2.1.177",
      "pname": "claude-code",
      "rev": "567a49d1913ce81ac6e9582e3553dd90a955875f",
      "rev_count": 1017464,
      "rev_date": "2026-06-16T02:33:49Z",
      "scrape_date": "2026-06-17T03:44:08.327387Z",
      "stabilities": [
        "unstable"
      ],
      "unfree": true,
      "version": "2.1.177",
      "outputs_to_install": [
        "out"
      ],
      "outputs": {
        "out": "/nix/store/jyn64sa04326g64l3n119l8cyxc31pqs-claude-code-2.1.177"
      },
      "system": "aarch64-linux",
      "group": "claude-code",
      "priority": 5
    },
    {
      "attr_path": "claude-code",
      "broken": false,
      "derivation": "/nix/store/41bckifzgw1i3210swdw2cq641zazaxb-claude-code-2.1.177.drv",
      "description": "Agentic coding tool that lives in your terminal, understands your codebase, and helps you code faster",
      "install_id": "claude-code",
      "license": "Unfree",
      "locked_url": "https://github.com/flox/nixpkgs?rev=567a49d1913ce81ac6e9582e3553dd90a955875f",
      "name": "claude-code-2.1.177",
      "pname": "claude-code",
      "rev": "567a49d1913ce81ac6e9582e3553dd90a955875f",
      "rev_count": 1017464,
      "rev_date": "2026-06-16T02:33:49Z",
      "scrape_date": "2026-06-17T04:13:06.183975Z",
      "stabilities": [
        "unstable"
      ],
      "unfree": true,
      "version": "2.1.177",
      "outputs_to_install": [
        "out"
      ],
      "outputs": {
        "out": "/nix/store/and9fpg7drh4iwqs6vl4iqhrqlhq2sap-claude-code-2.1.177"
      },
      "system": "x86_64-darwin",
      "group": "claude-code",
      "priority": 5
    },
    {
      "attr_path": "claude-code",
      "broken": false,
      "derivation": "/nix/store/vhn3kpjpjp4103izyi7s23gm3bxf7dji-claude-code-2.1.177.drv",
      "description": "Agentic coding tool that lives in your terminal, understands your codebase, and helps you code faster",
      "install_id": "claude-code",
      "license": "Unfree",
      "locked_url": "https://github.com/flox/nixpkgs?rev=567a49d1913ce81ac6e9582e3553dd90a955875f",
      "name": "claude-code-2.1.177",
      "pname": "claude-code",
      "rev": "567a49d1913ce81ac6e9582e3553dd90a955875f",
      "rev_count": 1017464,
      "rev_date": "2026-06-16T02:33:49Z",
      "scrape_date": "2026-06-17T04:47:04.368165Z",
      "stabilities": [
        "unstable"
      ],
      "unfree": true,
      "version": "2.1.177",
      "outputs_to_install": [
        "out"
      ],
      "outputs": {
        "out": "/nix/store/l77h98crmjn77dgnz9r7i0xrkxf8m4kq-claude-code-2.1.177"
      },
      "system": "x86_64-linux",
      "group": "claude-code",
      "priority": 5
    },
    {
      "attr_path": "codex",
      "broken": false,
      "derivation": "/nix/store/63vzjfrvmwix530d8sx5vxlpfzm6z20d-codex-0.139.0.drv",
      "description": "Lightweight coding agent that runs in your terminal",
      "install_id": "codex",
      "license": "Apache-2.0",
      "locked_url": "https://github.com/flox/nixpkgs?rev=567a49d1913ce81ac6e9582e3553dd90a955875f",
      "name": "codex-0.139.0",
      "pname": "codex",
      "rev": "567a49d1913ce81ac6e9582e3553dd90a955875f",
      "rev_count": 1017464,
      "rev_date": "2026-06-16T02:33:49Z",
      "scrape_date": "2026-06-17T03:13:13.967897Z",
      "stabilities": [
        "unstable"
      ],
      "unfree": false,
      "version": "0.139.0",
      "outputs_to_install": [
        "out"
      ],
      "outputs": {
        "out": "/nix/store/kk6w91iazm0qsn6rmx2bpzrcr7z5050g-codex-0.139.0"
      },
      "system": "aarch64-darwin",
      "group": "codex",
      "priority": 5
    },
    {
      "attr_path": "codex",
      "broken": false,
      "derivation": "/nix/store/pjx1j4gxicpfr57rx70kb3b1cdcfb2xl-codex-0.139.0.drv",
      "description": "Lightweight coding agent that runs in your terminal",
      "install_id": "codex",
      "license": "Apache-2.0",
      "locked_url": "https://github.com/flox/nixpkgs?rev=567a49d1913ce81ac6e9582e3553dd90a955875f",
      "name": "codex-0.139.0",
      "pname": "codex",
      "rev": "567a49d1913ce81ac6e9582e3553dd90a955875f",
      "rev_count": 1017464,
      "rev_date": "2026-06-16T02:33:49Z",
      "scrape_date": "2026-06-17T03:44:08.386385Z",
      "stabilities": [
        "unstable"
      ],
      "unfree": false,
      "version": "0.139.0",
      "outputs_to_install": [
        "out"
      ],
      "outputs": {
        "out": "/nix/store/c6xw394r6jiy6hdw83ffhsvmv92mra6c-codex-0.139.0"
      },
      "system": "aarch64-linux",
      "group": "codex",
      "priority": 5
    },
    {
      "attr_path": "codex",
      "broken": false,
      "derivation": "/nix/store/sl1jk4cj928gk394igx2nrjdshlaknjy-codex-0.139.0.drv",
      "description": "Lightweight coding agent that runs in your terminal",
      "install_id": "codex",
      "license": "Apache-2.0",
      "locked_url": "https://github.com/flox/nixpkgs?rev=567a49d1913ce81ac6e9582e3553dd90a955875f",
      "name": "codex-0.139.0",
      "pname": "codex",
      "rev": "567a49d1913ce81ac6e9582e3553dd90a955875f",
      "rev_count": 1017464,
      "rev_date": "2026-06-16T02:33:49Z",
      "scrape_date": "2026-06-17T04:13:06.227650Z",
      "stabilities": [
        "unstable"
      ],
      "unfree": false,
      "version": "0.139.0",
      "outputs_to_install": [
        "out"
      ],
      "outputs": {
        "out": "/nix/store/qyk42m792rd2z9qcdpnv32d0qymf6aaw-codex-0.139.0"
      },
      "system": "x86_64-darwin",
      "group": "codex",
      "priority": 5
    },
    {
      "attr_path": "codex",
      "broken": false,
      "derivation": "/nix/store/drabk2w3g0lga6pxhav1h0pqk25yxsj6-codex-0.139.0.drv",
      "description": "Lightweight coding agent that runs in your terminal",
      "install_id": "codex",
      "license": "Apache-2.0",
      "locked_url": "https://github.com/flox/nixpkgs?rev=567a49d1913ce81ac6e9582e3553dd90a955875f",
      "name": "codex-0.139.0",
      "pname": "codex",
      "rev": "567a49d1913ce81ac6e9582e3553dd90a955875f",
      "rev_count": 1017464,
      "rev_date": "2026-06-16T02:33:49Z",
      "scrape_date": "2026-06-17T04:47:04.431620Z",
      "stabilities": [
        "unstable"
      ],
      "unfree": false,
      "version": "0.139.0",
      "outputs_to_install": [
        "out"
      ],
      "outputs": {
        "out": "/nix/store/9li75nh4fyk2m574lmim7wnjqm49hl39-codex-0.139.0"
      },
      "system": "x86_64-linux",
      "group": "codex",
      "priority": 5
    },
    {
      "attr_path": "go-task",
      "broken": false,
      "derivation": "/nix/store/2r9lnyrn8wq43g5a5g6ryq54m037k0wb-go-task-3.48.0.drv",
      "description": "Task runner / simpler Make alternative written in Go",
      "install_id": "go-task",
      "license": "MIT",
      "locked_url": "https://github.com/flox/nixpkgs?rev=567a49d1913ce81ac6e9582e3553dd90a955875f",
      "name": "go-task-3.48.0",
      "pname": "go-task",
      "rev": "567a49d1913ce81ac6e9582e3553dd90a955875f",
      "rev_count": 1017464,
      "rev_date": "2026-06-16T02:33:49Z",
      "scrape_date": "2026-06-17T03:13:15.002181Z",
      "stabilities": [
        "unstable"
      ],
      "unfree": false,
      "version": "3.48.0",
      "outputs_to_install": [
        "out"
      ],
      "outputs": {
        "out": "/nix/store/hg0sx6ah2pinw09i8s3gwicq1x54gbvn-go-task-3.48.0"
      },
      "system": "aarch64-darwin",
      "group": "toplevel",
      "priority": 5
    },
    {
      "attr_path": "go-task",
      "broken": false,
      "derivation": "/nix/store/683gh2hy7c3cgyfdqjcbvwvbay9vcbmh-go-task-3.48.0.drv",
      "description": "Task runner / simpler Make alternative written in Go",
      "install_id": "go-task",
      "license": "MIT",
      "locked_url": "https://github.com/flox/nixpkgs?rev=567a49d1913ce81ac6e9582e3553dd90a955875f",
      "name": "go-task-3.48.0",
      "pname": "go-task",
      "rev": "567a49d1913ce81ac6e9582e3553dd90a955875f",
      "rev_count": 1017464,
      "rev_date": "2026-06-16T02:33:49Z",
      "scrape_date": "2026-06-17T03:44:10.555375Z",
      "stabilities": [
        "unstable"
      ],
      "unfree": false,
      "version": "3.48.0",
      "outputs_to_install": [
        "out"
      ],
      "outputs": {
        "out": "/nix/store/6bafb6yz2861yxjljadd1m22v2gryl24-go-task-3.48.0"
      },
      "system": "aarch64-linux",
      "group": "toplevel",
      "priority": 5
    },
    {
      "attr_path": "go-task",
      "broken": false,
      "derivation": "/nix/store/yl56zh18f4j25f6m8mb2p0haz9ypwcvw-go-task-3.48.0.drv",
      "description": "Task runner / simpler Make alternative written in Go",
      "install_id": "go-task",
      "license": "MIT",
      "locked_url": "https://github.com/flox/nixpkgs?rev=567a49d1913ce81ac6e9582e3553dd90a955875f",
      "name": "go-task-3.48.0",
      "pname": "go-task",
      "rev": "567a49d1913ce81ac6e9582e3553dd90a955875f",
      "rev_count": 1017464,
      "rev_date": "2026-06-16T02:33:49Z",
      "scrape_date": "2026-06-17T04:13:07.358690Z",
      "stabilities": [
        "unstable"
      ],
      "unfree": false,
      "version": "3.48.0",
      "outputs_to_install": [
        "out"
      ],
      "outputs": {
        "out": "/nix/store/xajpc9zjvhmdmwjab8i8grxc248wnzpq-go-task-3.48.0"
      },
      "system": "x86_64-darwin",
      "group": "toplevel",
      "priority": 5
    },
    {
      "attr_path": "go-task",
      "broken": false,
      "derivation": "/nix/store/ld2437x3giwpdyfb5svhzfgy229l35l5-go-task-3.48.0.drv",
      "description": "Task runner / simpler Make alternative written in Go",
      "install_id": "go-task",
      "license": "MIT",
      "locked_url": "https://github.com/flox/nixpkgs?rev=567a49d1913ce81ac6e9582e3553dd90a955875f",
      "name": "go-task-3.48.0",
      "pname": "go-task",
      "rev": "567a49d1913ce81ac6e9582e3553dd90a955875f",
      "rev_count": 1017464,
      "rev_date": "2026-06-16T02:33:49Z",
      "scrape_date": "2026-06-17T04:47:06.806551Z",
      "stabilities": [
        "unstable"
      ],
      "unfree": false,
      "version": "3.48.0",
      "outputs_to_install": [
        "out"
      ],
      "outputs": {
        "out": "/nix/store/ajlbzd5gnxrs1yki1sjf327rjx7qq060-go-task-3.48.0"
      },
      "system": "x86_64-linux",
      "group": "toplevel",
      "priority": 5
    },
    {
      "attr_path": "markdownlint-cli",
      "broken": false,
      "derivation": "/nix/store/brynnaf55f76ykkn40m1zbqicp6qmwz0-markdownlint-cli-0.48.0.drv",
      "description": "Command line interface for MarkdownLint",
      "install_id": "markdownlint-cli",
      "license": "MIT",
      "locked_url": "https://github.com/flox/nixpkgs?rev=567a49d1913ce81ac6e9582e3553dd90a955875f",
      "name": "markdownlint-cli-0.48.0",
      "pname": "markdownlint-cli",
      "rev": "567a49d1913ce81ac6e9582e3553dd90a955875f",
      "rev_count": 1017464,
      "rev_date": "2026-06-16T02:33:49Z",
      "scrape_date": "2026-06-17T03:13:36.700347Z",
      "stabilities": [
        "unstable"
      ],
      "unfree": false,
      "version": "0.48.0",
      "outputs_to_install": [
        "out"
      ],
      "outputs": {
        "out": "/nix/store/j3p42am9dcz8zm44hic71k1cdcffyd1a-markdownlint-cli-0.48.0"
      },
      "system": "aarch64-darwin",
      "group": "toplevel",
      "priority": 5
    },
    {
      "attr_path": "markdownlint-cli",
      "broken": false,
      "derivation": "/nix/store/rxmyk40adhd2s6xa2k56lij82gdpx354-markdownlint-cli-0.48.0.drv",
      "description": "Command line interface for MarkdownLint",
      "install_id": "markdownlint-cli",
      "license": "MIT",
      "locked_url": "https://github.com/flox/nixpkgs?rev=567a49d1913ce81ac6e9582e3553dd90a955875f",
      "name": "markdownlint-cli-0.48.0",
      "pname": "markdownlint-cli",
      "rev": "567a49d1913ce81ac6e9582e3553dd90a955875f",
      "rev_count": 1017464,
      "rev_date": "2026-06-16T02:33:49Z",
      "scrape_date": "2026-06-17T03:44:44.029610Z",
      "stabilities": [
        "unstable"
      ],
      "unfree": false,
      "version": "0.48.0",
      "outputs_to_install": [
        "out"
      ],
      "outputs": {
        "out": "/nix/store/f1zjqs6fsa76am4zziv75q9gxv2lqgf6-markdownlint-cli-0.48.0"
      },
      "system": "aarch64-linux",
      "group": "toplevel",
      "priority": 5
    },
    {
      "attr_path": "markdownlint-cli",
      "broken": false,
      "derivation": "/nix/store/13r7081j1hnq49yvrzv7ppfplg7s8rc5-markdownlint-cli-0.48.0.drv",
      "description": "Command line interface for MarkdownLint",
      "install_id": "markdownlint-cli",
      "license": "MIT",
      "locked_url": "https://github.com/flox/nixpkgs?rev=567a49d1913ce81ac6e9582e3553dd90a955875f",
      "name": "markdownlint-cli-0.48.0",
      "pname": "markdownlint-cli",
      "rev": "567a49d1913ce81ac6e9582e3553dd90a955875f",
      "rev_count": 1017464,
      "rev_date": "2026-06-16T02:33:49Z",
      "scrape_date": "2026-06-17T04:13:29.818453Z",
      "stabilities": [
        "unstable"
      ],
      "unfree": false,
      "version": "0.48.0",
      "outputs_to_install": [
        "out"
      ],
      "outputs": {
        "out": "/nix/store/ql50d70jz9r66a0ry0cgq8bjl1spd6zx-markdownlint-cli-0.48.0"
      },
      "system": "x86_64-darwin",
      "group": "toplevel",
      "priority": 5
    },
    {
      "attr_path": "markdownlint-cli",
      "broken": false,
      "derivation": "/nix/store/w70xz7wyv1c7lzd2ynlixczn97bladk5-markdownlint-cli-0.48.0.drv",
      "description": "Command line interface for MarkdownLint",
      "install_id": "markdownlint-cli",
      "license": "MIT",
      "locked_url": "https://github.com/flox/nixpkgs?rev=567a49d1913ce81ac6e9582e3553dd90a955875f",
      "name": "markdownlint-cli-0.48.0",
      "pname": "markdownlint-cli",
      "rev": "567a49d1913ce81ac6e9582e3553dd90a955875f",
      "rev_count": 1017464,
      "rev_date": "2026-06-16T02:33:49Z",
      "scrape_date": "2026-06-17T04:47:43.426432Z",
      "stabilities": [
        "unstable"
      ],
      "unfree": false,
      "version": "0.48.0",
      "outputs_to_install": [
        "out"
      ],
      "outputs": {
        "out": "/nix/store/0rlnhilgb2h9vjr00i3vjmqvw885dwaq-markdownlint-cli-0.48.0"
      },
      "system": "x86_64-linux",
      "group": "toplevel",
      "priority": 5
    },
    {
      "attr_path": "nodejs_24",
      "broken": false,
      "derivation": "/nix/store/vbx35am7lar9zvwhk4nfl3lysmbd0ils-nodejs-24.15.0.drv",
      "description": "Event-driven I/O framework for the V8 JavaScript engine",
      "install_id": "nodejs_24",
      "license": "MIT",
      "locked_url": "https://github.com/flox/nixpkgs?rev=567a49d1913ce81ac6e9582e3553dd90a955875f",
      "name": "nodejs-24.15.0",
      "pname": "nodejs_24",
      "rev": "567a49d1913ce81ac6e9582e3553dd90a955875f",
      "rev_count": 1017464,
      "rev_date": "2026-06-16T02:33:49Z",
      "scrape_date": "2026-06-17T03:13:39.230289Z",
      "stabilities": [
        "unstable"
      ],
      "unfree": false,
      "version": "24.15.0",
      "outputs_to_install": [
        "out"
      ],
      "outputs": {
        "out": "/nix/store/3mvbmkd7lmxi3xlka1avra24flwbgjv9-nodejs-24.15.0"
      },
      "system": "aarch64-darwin",
      "group": "toplevel",
      "priority": 5
    },
    {
      "attr_path": "nodejs_24",
      "broken": false,
      "derivation": "/nix/store/zc41z1042wi0d1gmyc8mlwv5av8fds2q-nodejs-24.15.0.drv",
      "description": "Event-driven I/O framework for the V8 JavaScript engine",
      "install_id": "nodejs_24",
      "license": "MIT",
      "locked_url": "https://github.com/flox/nixpkgs?rev=567a49d1913ce81ac6e9582e3553dd90a955875f",
      "name": "nodejs-24.15.0",
      "pname": "nodejs_24",
      "rev": "567a49d1913ce81ac6e9582e3553dd90a955875f",
      "rev_count": 1017464,
      "rev_date": "2026-06-16T02:33:49Z",
      "scrape_date": "2026-06-17T03:44:48.148890Z",
      "stabilities": [
        "unstable"
      ],
      "unfree": false,
      "version": "24.15.0",
      "outputs_to_install": [
        "out"
      ],
      "outputs": {
        "out": "/nix/store/rmdjmd0iy5zlyg0j2i1cd0s7ha1562fs-nodejs-24.15.0"
      },
      "system": "aarch64-linux",
      "group": "toplevel",
      "priority": 5
    },
    {
      "attr_path": "nodejs_24",
      "broken": false,
      "derivation": "/nix/store/f0ay9hny5gn4c0lfrb95xrakm7yf3s2q-nodejs-24.15.0.drv",
      "description": "Event-driven I/O framework for the V8 JavaScript engine",
      "install_id": "nodejs_24",
      "license": "MIT",
      "locked_url": "https://github.com/flox/nixpkgs?rev=567a49d1913ce81ac6e9582e3553dd90a955875f",
      "name": "nodejs-24.15.0",
      "pname": "nodejs_24",
      "rev": "567a49d1913ce81ac6e9582e3553dd90a955875f",
      "rev_count": 1017464,
      "rev_date": "2026-06-16T02:33:49Z",
      "scrape_date": "2026-06-17T04:13:32.479300Z",
      "stabilities": [
        "unstable"
      ],
      "unfree": false,
      "version": "24.15.0",
      "outputs_to_install": [
        "out"
      ],
      "outputs": {
        "out": "/nix/store/rhv8jiklgw2bw4ljh4nm3h3r3bpnkcl3-nodejs-24.15.0"
      },
      "system": "x86_64-darwin",
      "group": "toplevel",
      "priority": 5
    },
    {
      "attr_path": "nodejs_24",
      "broken": false,
      "derivation": "/nix/store/f8i8jydaqs0ngxm97c091zna2mnjb43f-nodejs-24.15.0.drv",
      "description": "Event-driven I/O framework for the V8 JavaScript engine",
      "install_id": "nodejs_24",
      "license": "MIT",
      "locked_url": "https://github.com/flox/nixpkgs?rev=567a49d1913ce81ac6e9582e3553dd90a955875f",
      "name": "nodejs-24.15.0",
      "pname": "nodejs_24",
      "rev": "567a49d1913ce81ac6e9582e3553dd90a955875f",
      "rev_count": 1017464,
      "rev_date": "2026-06-16T02:33:49Z",
      "scrape_date": "2026-06-17T04:47:47.934763Z",
      "stabilities": [
        "unstable"
      ],
      "unfree": false,
      "version": "24.15.0",
      "outputs_to_install": [
        "out"
      ],
      "outputs": {
        "out": "/nix/store/5a8ysg1jnj8jmzzyfcfw7rvpvnp5rfpa-nodejs-24.15.0"
      },
      "system": "x86_64-linux",
      "group": "toplevel",
      "priority": 5
    },
    {
      "attr_path": "prettier",
      "broken": false,
      "derivation": "/nix/store/b9wcy0z6lxqw553ixq9cmnwd48g2mn4r-prettier-3.8.3.drv",
      "description": "Code formatter",
      "install_id": "prettier",
      "license": "MIT",
      "locked_url": "https://github.com/flox/nixpkgs?rev=567a49d1913ce81ac6e9582e3553dd90a955875f",
      "name": "prettier-3.8.3",
      "pname": "prettier",
      "rev": "567a49d1913ce81ac6e9582e3553dd90a955875f",
      "rev_count": 1017464,
      "rev_date": "2026-06-16T02:33:49Z",
      "scrape_date": "2026-06-17T03:13:55.198549Z",
      "stabilities": [
        "unstable"
      ],
      "unfree": false,
      "version": "3.8.3",
      "outputs_to_install": [
        "out"
      ],
      "outputs": {
        "out": "/nix/store/qalhdqg90rvdwfcn42yavlvfz3ar5hp0-prettier-3.8.3"
      },
      "system": "aarch64-darwin",
      "group": "toplevel",
      "priority": 5
    },
    {
      "attr_path": "prettier",
      "broken": false,
      "derivation": "/nix/store/hvnhris9rxjb44qynvkfz5pifj090rdv-prettier-3.8.3.drv",
      "description": "Code formatter",
      "install_id": "prettier",
      "license": "MIT",
      "locked_url": "https://github.com/flox/nixpkgs?rev=567a49d1913ce81ac6e9582e3553dd90a955875f",
      "name": "prettier-3.8.3",
      "pname": "prettier",
      "rev": "567a49d1913ce81ac6e9582e3553dd90a955875f",
      "rev_count": 1017464,
      "rev_date": "2026-06-16T02:33:49Z",
      "scrape_date": "2026-06-17T03:45:09.722690Z",
      "stabilities": [
        "unstable"
      ],
      "unfree": false,
      "version": "3.8.3",
      "outputs_to_install": [
        "out"
      ],
      "outputs": {
        "out": "/nix/store/5z0qkvlld8ljkccs8hbw6712v787narj-prettier-3.8.3"
      },
      "system": "aarch64-linux",
      "group": "toplevel",
      "priority": 5
    },
    {
      "attr_path": "prettier",
      "broken": false,
      "derivation": "/nix/store/v9x1qlx2g9fpll2svqkg6i2jff0r7lc0-prettier-3.8.3.drv",
      "description": "Code formatter",
      "install_id": "prettier",
      "license": "MIT",
      "locked_url": "https://github.com/flox/nixpkgs?rev=567a49d1913ce81ac6e9582e3553dd90a955875f",
      "name": "prettier-3.8.3",
      "pname": "prettier",
      "rev": "567a49d1913ce81ac6e9582e3553dd90a955875f",
      "rev_count": 1017464,
      "rev_date": "2026-06-16T02:33:49Z",
      "scrape_date": "2026-06-17T04:13:48.838190Z",
      "stabilities": [
        "unstable"
      ],
      "unfree": false,
      "version": "3.8.3",
      "outputs_to_install": [
        "out"
      ],
      "outputs": {
        "out": "/nix/store/q8bk4grqjx88402k328w5xj72w0zqc6v-prettier-3.8.3"
      },
      "system": "x86_64-darwin",
      "group": "toplevel",
      "priority": 5
    },
    {
      "attr_path": "prettier",
      "broken": false,
      "derivation": "/nix/store/a294vcb8bjm7ixmsj4d8f4i43jj2335h-prettier-3.8.3.drv",
      "description": "Code formatter",
      "install_id": "prettier",
      "license": "MIT",
      "locked_url": "https://github.com/flox/nixpkgs?rev=567a49d1913ce81ac6e9582e3553dd90a955875f",
      "name": "prettier-3.8.3",
      "pname": "prettier",
      "rev": "567a49d1913ce81ac6e9582e3553dd90a955875f",
      "rev_count": 1017464,
      "rev_date": "2026-06-16T02:33:49Z",
      "scrape_date": "2026-06-17T04:48:10.119729Z",
      "stabilities": [
        "unstable"
      ],
      "unfree": false,
      "version": "3.8.3",
      "outputs_to_install": [
        "out"
      ],
      "outputs": {
        "out": "/nix/store/6arrlpnjszmazqzgx50wl4nm5m8vlcq2-prettier-3.8.3"
      },
      "system": "x86_64-linux",
      "group": "toplevel",
      "priority": 5
    },
    {
      "install_id": "infer",
      "locked-url": "github:inference-gateway/cli/0acf24cbd09e24dbddb84c9145d7f1266f5b8f91?narHash=sha256-RT9b/omdN6T8sQSYoaW2XCXtppd3LYe369JMNhiDeIo%3D",
      "flake-description": "Inference Gateway CLI - infer",
      "locked-flake-attr-path": "packages.aarch64-darwin.default",
      "derivation": "/nix/store/v7iz4js505frkmn7d9cyimf7gzicn2f3-infer-0.122.2.drv",
      "outputs": {
        "out": "/nix/store/hc6r3z6xsjgj8x5hvrsw8brzwa39rafx-infer-0.122.2"
      },
      "output-names": [
        "out"
      ],
      "outputs-to-install": [
        "out"
      ],
      "requested-outputs-to-install": [],
      "package-system": "aarch64-darwin",
      "system": "aarch64-darwin",
      "name": "infer-0.122.2",
      "pname": "infer",
      "version": "0.122.2",
      "description": "Command-line interface for the Inference Gateway - AI model interaction manager",
      "licenses": [
        "MIT"
      ],
      "broken": false,
      "unfree": false,
      "priority": 5
    },
    {
      "install_id": "infer",
      "locked-url": "github:inference-gateway/cli/0acf24cbd09e24dbddb84c9145d7f1266f5b8f91?narHash=sha256-RT9b/omdN6T8sQSYoaW2XCXtppd3LYe369JMNhiDeIo%3D",
      "flake-description": "Inference Gateway CLI - infer",
      "locked-flake-attr-path": "packages.aarch64-linux.default",
      "derivation": "/nix/store/jjcjqlzq1knkbnjd8mavax67ih5shynz-infer-0.122.2.drv",
      "outputs": {
        "out": "/nix/store/i2x7d0abaa3jazjpnidd0kyp9cha8z44-infer-0.122.2"
      },
      "output-names": [
        "out"
      ],
      "outputs-to-install": [
        "out"
      ],
      "requested-outputs-to-install": [],
      "package-system": "aarch64-linux",
      "system": "aarch64-linux",
      "name": "infer-0.122.2",
      "pname": "infer",
      "version": "0.122.2",
      "description": "Command-line interface for the Inference Gateway - AI model interaction manager",
      "licenses": [
        "MIT"
      ],
      "broken": false,
      "unfree": false,
      "priority": 5
    },
    {
      "install_id": "infer",
      "locked-url": "github:inference-gateway/cli/0acf24cbd09e24dbddb84c9145d7f1266f5b8f91?narHash=sha256-RT9b/omdN6T8sQSYoaW2XCXtppd3LYe369JMNhiDeIo%3D",
      "flake-description": "Inference Gateway CLI - infer",
      "locked-flake-attr-path": "packages.x86_64-darwin.default",
      "derivation": "/nix/store/a4c8hzznfyia116c8r7mzbnl8prn9y32-infer-0.122.2.drv",
      "outputs": {
        "out": "/nix/store/qns23dn9wcw7r8429z4af5aimlnbvarm-infer-0.122.2"
      },
      "output-names": [
        "out"
      ],
      "outputs-to-install": [
        "out"
      ],
      "requested-outputs-to-install": [],
      "package-system": "x86_64-darwin",
      "system": "x86_64-darwin",
      "name": "infer-0.122.2",
      "pname": "infer",
      "version": "0.122.2",
      "description": "Command-line interface for the Inference Gateway - AI model interaction manager",
      "licenses": [
        "MIT"
      ],
      "broken": false,
      "unfree": false,
      "priority": 5
    },
    {
      "install_id": "infer",
      "locked-url": "github:inference-gateway/cli/0acf24cbd09e24dbddb84c9145d7f1266f5b8f91?narHash=sha256-RT9b/omdN6T8sQSYoaW2XCXtppd3LYe369JMNhiDeIo%3D",
      "flake-description": "Inference Gateway CLI - infer",
      "locked-flake-attr-path": "packages.x86_64-linux.default",
      "derivation": "/nix/store/15v9jq8sgficr6kbkpnl4r7ycr2acyb6-infer-0.122.2.drv",
      "outputs": {
        "out": "/nix/store/35xv7yrf5x6m8m0lwkjanx38w7rphm2y-infer-0.122.2"
      },
      "output-names": [
        "out"
      ],
      "outputs-to-install": [
        "out"
      ],
      "requested-outputs-to-install": [],
      "package-system": "x86_64-linux",
      "system": "x86_64-linux",
      "name": "infer-0.122.2",
      "pname": "infer",
      "version": "0.122.2",
      "description": "Command-line interface for the Inference Gateway - AI model interaction manager",
      "licenses": [
        "MIT"
      ],
      "broken": false,
      "unfree": false,
      "priority": 5
    }
  ]
}
