{
  "lockfile-version": 1,
  "manifest": {
    "schema-version": "1.11.0",
    "install": {
      "claude-code": {
        "pkg-path": "claude-code",
        "version": "^2.1.141"
      },
      "go-task": {
        "pkg-path": "go-task",
        "version": "3.48.0"
      },
      "infer": {
        "flake": "github:inference-gateway/cli/v0.109.11"
      },
      "markdownlint-cli": {
        "pkg-path": "markdownlint-cli",
        "version": "^0.48.0"
      },
      "nodejs_24": {
        "pkg-path": "nodejs_24",
        "version": "^24.14.1",
        "outputs": "all"
      },
      "prettier": {
        "pkg-path": "prettier",
        "version": "^3.6.2"
      }
    },
    "options": {}
  },
  "packages": [
    {
      "attr_path": "claude-code",
      "broken": false,
      "derivation": "/nix/store/dslr7iy5pdmzkf3igd564g5pyvdxzh0x-claude-code-2.1.141.drv",
      "description": "Agentic coding tool that lives in your terminal, understands your codebase, and helps you code faster",
      "install_id": "claude-code",
      "license": "Unfree",
      "locked_url": "https://github.com/flox/nixpkgs?rev=d233902339c02a9c334e7e593de68855ad26c4cb",
      "name": "claude-code-2.1.141",
      "pname": "claude-code",
      "rev": "d233902339c02a9c334e7e593de68855ad26c4cb",
      "rev_count": 998534,
      "rev_date": "2026-05-15T18:21:44Z",
      "scrape_date": "2026-05-17T07:05:50.859300Z",
      "stabilities": [
        "unstable"
      ],
      "unfree": true,
      "version": "2.1.141",
      "outputs_to_install": [
        "out"
      ],
      "outputs": {
        "out": "/nix/store/gb1c61q8d4hl3i2d11ymfplwkhzsynbw-claude-code-2.1.141"
      },
      "system": "aarch64-darwin",
      "group": "toplevel",
      "priority": 5
    },
    {
      "attr_path": "claude-code",
      "broken": false,
      "derivation": "/nix/store/fb24vx3f5nb41m3mq5v78flmdvy5frnz-claude-code-2.1.141.drv",
      "description": "Agentic coding tool that lives in your terminal, understands your codebase, and helps you code faster",
      "install_id": "claude-code",
      "license": "Unfree",
      "locked_url": "https://github.com/flox/nixpkgs?rev=d233902339c02a9c334e7e593de68855ad26c4cb",
      "name": "claude-code-2.1.141",
      "pname": "claude-code",
      "rev": "d233902339c02a9c334e7e593de68855ad26c4cb",
      "rev_count": 998534,
      "rev_date": "2026-05-15T18:21:44Z",
      "scrape_date": "2026-05-17T07:33:29.259858Z",
      "stabilities": [
        "unstable"
      ],
      "unfree": true,
      "version": "2.1.141",
      "outputs_to_install": [
        "out"
      ],
      "outputs": {
        "out": "/nix/store/f1x1z4aswxy77kxr0xqs802qcqwj1ysq-claude-code-2.1.141"
      },
      "system": "aarch64-linux",
      "group": "toplevel",
      "priority": 5
    },
    {
      "attr_path": "claude-code",
      "broken": false,
      "derivation": "/nix/store/nf2m0vmv2724ixgblv96slzv99kalc13-claude-code-2.1.141.drv",
      "description": "Agentic coding tool that lives in your terminal, understands your codebase, and helps you code faster",
      "install_id": "claude-code",
      "license": "Unfree",
      "locked_url": "https://github.com/flox/nixpkgs?rev=d233902339c02a9c334e7e593de68855ad26c4cb",
      "name": "claude-code-2.1.141",
      "pname": "claude-code",
      "rev": "d233902339c02a9c334e7e593de68855ad26c4cb",
      "rev_count": 998534,
      "rev_date": "2026-05-15T18:21:44Z",
      "scrape_date": "2026-05-17T08:01:17.387619Z",
      "stabilities": [
        "unstable"
      ],
      "unfree": true,
      "version": "2.1.141",
      "outputs_to_install": [
        "out"
      ],
      "outputs": {
        "out": "/nix/store/52a2b332fsb2nd9bhqrz4hcbvj5ssrqw-claude-code-2.1.141"
      },
      "system": "x86_64-darwin",
      "group": "toplevel",
      "priority": 5
    },
    {
      "attr_path": "claude-code",
      "broken": false,
      "derivation": "/nix/store/2k4im1nqqbqk5dz4p59qb4mb3v88piiy-claude-code-2.1.141.drv",
      "description": "Agentic coding tool that lives in your terminal, understands your codebase, and helps you code faster",
      "install_id": "claude-code",
      "license": "Unfree",
      "locked_url": "https://github.com/flox/nixpkgs?rev=d233902339c02a9c334e7e593de68855ad26c4cb",
      "name": "claude-code-2.1.141",
      "pname": "claude-code",
      "rev": "d233902339c02a9c334e7e593de68855ad26c4cb",
      "rev_count": 998534,
      "rev_date": "2026-05-15T18:21:44Z",
      "scrape_date": "2026-05-17T08:32:09.481493Z",
      "stabilities": [
        "unstable"
      ],
      "unfree": true,
      "version": "2.1.141",
      "outputs_to_install": [
        "out"
      ],
      "outputs": {
        "out": "/nix/store/lfwc0k70hjnl007xi7fn8fv8xi2alfz4-claude-code-2.1.141"
      },
      "system": "x86_64-linux",
      "group": "toplevel",
      "priority": 5
    },
    {
      "attr_path": "go-task",
      "broken": false,
      "derivation": "/nix/store/nb7wzw4x040dz0zxvg987i0vv89fa6ck-go-task-3.48.0.drv",
      "description": "Task runner / simpler Make alternative written in Go",
      "install_id": "go-task",
      "license": "MIT",
      "locked_url": "https://github.com/flox/nixpkgs?rev=d233902339c02a9c334e7e593de68855ad26c4cb",
      "name": "go-task-3.48.0",
      "pname": "go-task",
      "rev": "d233902339c02a9c334e7e593de68855ad26c4cb",
      "rev_count": 998534,
      "rev_date": "2026-05-15T18:21:44Z",
      "scrape_date": "2026-05-17T07:05:51.934481Z",
      "stabilities": [
        "unstable"
      ],
      "unfree": false,
      "version": "3.48.0",
      "outputs_to_install": [
        "out"
      ],
      "outputs": {
        "out": "/nix/store/gx97hxd28ymbxf2nj4kq6masld4qk7yw-go-task-3.48.0"
      },
      "system": "aarch64-darwin",
      "group": "toplevel",
      "priority": 5
    },
    {
      "attr_path": "go-task",
      "broken": false,
      "derivation": "/nix/store/y3q5bpvw5smpm2y97azm4sp8cin7l9vg-go-task-3.48.0.drv",
      "description": "Task runner / simpler Make alternative written in Go",
      "install_id": "go-task",
      "license": "MIT",
      "locked_url": "https://github.com/flox/nixpkgs?rev=d233902339c02a9c334e7e593de68855ad26c4cb",
      "name": "go-task-3.48.0",
      "pname": "go-task",
      "rev": "d233902339c02a9c334e7e593de68855ad26c4cb",
      "rev_count": 998534,
      "rev_date": "2026-05-15T18:21:44Z",
      "scrape_date": "2026-05-17T07:33:31.299990Z",
      "stabilities": [
        "unstable"
      ],
      "unfree": false,
      "version": "3.48.0",
      "outputs_to_install": [
        "out"
      ],
      "outputs": {
        "out": "/nix/store/di0pkf2d113g9nkcbm4p51sgivfbkcxg-go-task-3.48.0"
      },
      "system": "aarch64-linux",
      "group": "toplevel",
      "priority": 5
    },
    {
      "attr_path": "go-task",
      "broken": false,
      "derivation": "/nix/store/31ix4zbv7rw8zrw0m4qkqb8pjlpd7nrp-go-task-3.48.0.drv",
      "description": "Task runner / simpler Make alternative written in Go",
      "install_id": "go-task",
      "license": "MIT",
      "locked_url": "https://github.com/flox/nixpkgs?rev=d233902339c02a9c334e7e593de68855ad26c4cb",
      "name": "go-task-3.48.0",
      "pname": "go-task",
      "rev": "d233902339c02a9c334e7e593de68855ad26c4cb",
      "rev_count": 998534,
      "rev_date": "2026-05-15T18:21:44Z",
      "scrape_date": "2026-05-17T08:01:18.448307Z",
      "stabilities": [
        "unstable"
      ],
      "unfree": false,
      "version": "3.48.0",
      "outputs_to_install": [
        "out"
      ],
      "outputs": {
        "out": "/nix/store/4mdamkq6v7xi11525ah95nb4psdd1a9m-go-task-3.48.0"
      },
      "system": "x86_64-darwin",
      "group": "toplevel",
      "priority": 5
    },
    {
      "attr_path": "go-task",
      "broken": false,
      "derivation": "/nix/store/48fsygvnlrh7g8na7y0wxc750bqwpzpc-go-task-3.48.0.drv",
      "description": "Task runner / simpler Make alternative written in Go",
      "install_id": "go-task",
      "license": "MIT",
      "locked_url": "https://github.com/flox/nixpkgs?rev=d233902339c02a9c334e7e593de68855ad26c4cb",
      "name": "go-task-3.48.0",
      "pname": "go-task",
      "rev": "d233902339c02a9c334e7e593de68855ad26c4cb",
      "rev_count": 998534,
      "rev_date": "2026-05-15T18:21:44Z",
      "scrape_date": "2026-05-17T08:32:11.779774Z",
      "stabilities": [
        "unstable"
      ],
      "unfree": false,
      "version": "3.48.0",
      "outputs_to_install": [
        "out"
      ],
      "outputs": {
        "out": "/nix/store/gak3jfx9splyph60r0vvvv24vjcwyakx-go-task-3.48.0"
      },
      "system": "x86_64-linux",
      "group": "toplevel",
      "priority": 5
    },
    {
      "attr_path": "markdownlint-cli",
      "broken": false,
      "derivation": "/nix/store/73s87kdamnsl4ap23f0d0zkxh3pfp2ja-markdownlint-cli-0.48.0.drv",
      "description": "Command line interface for MarkdownLint",
      "install_id": "markdownlint-cli",
      "license": "MIT",
      "locked_url": "https://github.com/flox/nixpkgs?rev=d233902339c02a9c334e7e593de68855ad26c4cb",
      "name": "markdownlint-cli-0.48.0",
      "pname": "markdownlint-cli",
      "rev": "d233902339c02a9c334e7e593de68855ad26c4cb",
      "rev_count": 998534,
      "rev_date": "2026-05-15T18:21:44Z",
      "scrape_date": "2026-05-17T07:06:12.980239Z",
      "stabilities": [
        "unstable"
      ],
      "unfree": false,
      "version": "0.48.0",
      "outputs_to_install": [
        "out"
      ],
      "outputs": {
        "out": "/nix/store/375943y8zpzmxipls055d6bkp48yy68k-markdownlint-cli-0.48.0"
      },
      "system": "aarch64-darwin",
      "group": "toplevel",
      "priority": 5
    },
    {
      "attr_path": "markdownlint-cli",
      "broken": false,
      "derivation": "/nix/store/0hknmdjnz90vd1mjx0ka35k54dgdmwry-markdownlint-cli-0.48.0.drv",
      "description": "Command line interface for MarkdownLint",
      "install_id": "markdownlint-cli",
      "license": "MIT",
      "locked_url": "https://github.com/flox/nixpkgs?rev=d233902339c02a9c334e7e593de68855ad26c4cb",
      "name": "markdownlint-cli-0.48.0",
      "pname": "markdownlint-cli",
      "rev": "d233902339c02a9c334e7e593de68855ad26c4cb",
      "rev_count": 998534,
      "rev_date": "2026-05-15T18:21:44Z",
      "scrape_date": "2026-05-17T07:34:02.304350Z",
      "stabilities": [
        "unstable"
      ],
      "unfree": false,
      "version": "0.48.0",
      "outputs_to_install": [
        "out"
      ],
      "outputs": {
        "out": "/nix/store/nh1iablhmj7n806b6y72bmh0c9aix7d0-markdownlint-cli-0.48.0"
      },
      "system": "aarch64-linux",
      "group": "toplevel",
      "priority": 5
    },
    {
      "attr_path": "markdownlint-cli",
      "broken": false,
      "derivation": "/nix/store/1jz4sryli1vdzajqmbq9fdsnp82ifvry-markdownlint-cli-0.48.0.drv",
      "description": "Command line interface for MarkdownLint",
      "install_id": "markdownlint-cli",
      "license": "MIT",
      "locked_url": "https://github.com/flox/nixpkgs?rev=d233902339c02a9c334e7e593de68855ad26c4cb",
      "name": "markdownlint-cli-0.48.0",
      "pname": "markdownlint-cli",
      "rev": "d233902339c02a9c334e7e593de68855ad26c4cb",
      "rev_count": 998534,
      "rev_date": "2026-05-15T18:21:44Z",
      "scrape_date": "2026-05-17T08:01:40.313979Z",
      "stabilities": [
        "unstable"
      ],
      "unfree": false,
      "version": "0.48.0",
      "outputs_to_install": [
        "out"
      ],
      "outputs": {
        "out": "/nix/store/b0wcf7mlj7pa5r5al36i84jjgr7l9802-markdownlint-cli-0.48.0"
      },
      "system": "x86_64-darwin",
      "group": "toplevel",
      "priority": 5
    },
    {
      "attr_path": "markdownlint-cli",
      "broken": false,
      "derivation": "/nix/store/rn9qpib508cxcyi4gavfln1s9a3xlq7c-markdownlint-cli-0.48.0.drv",
      "description": "Command line interface for MarkdownLint",
      "install_id": "markdownlint-cli",
      "license": "MIT",
      "locked_url": "https://github.com/flox/nixpkgs?rev=d233902339c02a9c334e7e593de68855ad26c4cb",
      "name": "markdownlint-cli-0.48.0",
      "pname": "markdownlint-cli",
      "rev": "d233902339c02a9c334e7e593de68855ad26c4cb",
      "rev_count": 998534,
      "rev_date": "2026-05-15T18:21:44Z",
      "scrape_date": "2026-05-17T08:32:46.207563Z",
      "stabilities": [
        "unstable"
      ],
      "unfree": false,
      "version": "0.48.0",
      "outputs_to_install": [
        "out"
      ],
      "outputs": {
        "out": "/nix/store/fa2dd63i6mg5ny73799ndmm20yin8575-markdownlint-cli-0.48.0"
      },
      "system": "x86_64-linux",
      "group": "toplevel",
      "priority": 5
    },
    {
      "attr_path": "nodejs_24",
      "broken": false,
      "derivation": "/nix/store/1m7745r13n7wk43fzx5yr3jjr3vdc1db-nodejs-24.14.1.drv",
      "description": "Event-driven I/O framework for the V8 JavaScript engine",
      "install_id": "nodejs_24",
      "license": "MIT",
      "locked_url": "https://github.com/flox/nixpkgs?rev=d233902339c02a9c334e7e593de68855ad26c4cb",
      "name": "nodejs-24.14.1",
      "pname": "nodejs_24",
      "rev": "d233902339c02a9c334e7e593de68855ad26c4cb",
      "rev_count": 998534,
      "rev_date": "2026-05-15T18:21:44Z",
      "scrape_date": "2026-05-17T07:06:15.339367Z",
      "stabilities": [
        "unstable"
      ],
      "unfree": false,
      "version": "24.14.1",
      "outputs_to_install": [
        "out",
        "out"
      ],
      "outputs": {
        "out": "/nix/store/sf85v1qd1glkmsyfxwn9p8wridb4qf6y-nodejs-24.14.1"
      },
      "system": "aarch64-darwin",
      "group": "toplevel",
      "priority": 5
    },
    {
      "attr_path": "nodejs_24",
      "broken": false,
      "derivation": "/nix/store/3h5ymdg61db3f9xwhwclj05afipbxiq2-nodejs-24.14.1.drv",
      "description": "Event-driven I/O framework for the V8 JavaScript engine",
      "install_id": "nodejs_24",
      "license": "MIT",
      "locked_url": "https://github.com/flox/nixpkgs?rev=d233902339c02a9c334e7e593de68855ad26c4cb",
      "name": "nodejs-24.14.1",
      "pname": "nodejs_24",
      "rev": "d233902339c02a9c334e7e593de68855ad26c4cb",
      "rev_count": 998534,
      "rev_date": "2026-05-15T18:21:44Z",
      "scrape_date": "2026-05-17T07:34:06.226827Z",
      "stabilities": [
        "unstable"
      ],
      "unfree": false,
      "version": "24.14.1",
      "outputs_to_install": [
        "out",
        "out"
      ],
      "outputs": {
        "out": "/nix/store/amh21igq2gjg6ai42f3ksan8fh89qvpm-nodejs-24.14.1"
      },
      "system": "aarch64-linux",
      "group": "toplevel",
      "priority": 5
    },
    {
      "attr_path": "nodejs_24",
      "broken": false,
      "derivation": "/nix/store/aarkp2y0aj12skgji58mbf5va0dcf9bd-nodejs-24.14.1.drv",
      "description": "Event-driven I/O framework for the V8 JavaScript engine",
      "install_id": "nodejs_24",
      "license": "MIT",
      "locked_url": "https://github.com/flox/nixpkgs?rev=d233902339c02a9c334e7e593de68855ad26c4cb",
      "name": "nodejs-24.14.1",
      "pname": "nodejs_24",
      "rev": "d233902339c02a9c334e7e593de68855ad26c4cb",
      "rev_count": 998534,
      "rev_date": "2026-05-15T18:21:44Z",
      "scrape_date": "2026-05-17T08:01:42.786046Z",
      "stabilities": [
        "unstable"
      ],
      "unfree": false,
      "version": "24.14.1",
      "outputs_to_install": [
        "out",
        "out"
      ],
      "outputs": {
        "out": "/nix/store/w9axwcpzxv1cd78d6v748az2j08k6vfw-nodejs-24.14.1"
      },
      "system": "x86_64-darwin",
      "group": "toplevel",
      "priority": 5
    },
    {
      "attr_path": "nodejs_24",
      "broken": false,
      "derivation": "/nix/store/8l6p07vmrcj7lsry0jz2ayp1rmpyjdai-nodejs-24.14.1.drv",
      "description": "Event-driven I/O framework for the V8 JavaScript engine",
      "install_id": "nodejs_24",
      "license": "MIT",
      "locked_url": "https://github.com/flox/nixpkgs?rev=d233902339c02a9c334e7e593de68855ad26c4cb",
      "name": "nodejs-24.14.1",
      "pname": "nodejs_24",
      "rev": "d233902339c02a9c334e7e593de68855ad26c4cb",
      "rev_count": 998534,
      "rev_date": "2026-05-15T18:21:44Z",
      "scrape_date": "2026-05-17T08:32:50.645377Z",
      "stabilities": [
        "unstable"
      ],
      "unfree": false,
      "version": "24.14.1",
      "outputs_to_install": [
        "out",
        "out"
      ],
      "outputs": {
        "out": "/nix/store/785jidgnryzj566s25s3rb262d4g5znb-nodejs-24.14.1"
      },
      "system": "x86_64-linux",
      "group": "toplevel",
      "priority": 5
    },
    {
      "attr_path": "prettier",
      "broken": false,
      "derivation": "/nix/store/jxg4rjhzyssi2xwlgn9sm4wzd6179bjh-prettier-3.6.2.drv",
      "description": "Code formatter",
      "install_id": "prettier",
      "license": "MIT",
      "locked_url": "https://github.com/flox/nixpkgs?rev=d233902339c02a9c334e7e593de68855ad26c4cb",
      "name": "prettier-3.6.2",
      "pname": "prettier",
      "rev": "d233902339c02a9c334e7e593de68855ad26c4cb",
      "rev_count": 998534,
      "rev_date": "2026-05-15T18:21:44Z",
      "scrape_date": "2026-05-17T07:06:30.243797Z",
      "stabilities": [
        "unstable"
      ],
      "unfree": false,
      "version": "3.6.2",
      "outputs_to_install": [
        "out"
      ],
      "outputs": {
        "out": "/nix/store/szq79p69f1ks5a55sdwsgh11gwvpyqcr-prettier-3.6.2"
      },
      "system": "aarch64-darwin",
      "group": "toplevel",
      "priority": 5
    },
    {
      "attr_path": "prettier",
      "broken": false,
      "derivation": "/nix/store/0m48w9w9x8l75fnlm0q751l534dg86wx-prettier-3.6.2.drv",
      "description": "Code formatter",
      "install_id": "prettier",
      "license": "MIT",
      "locked_url": "https://github.com/flox/nixpkgs?rev=d233902339c02a9c334e7e593de68855ad26c4cb",
      "name": "prettier-3.6.2",
      "pname": "prettier",
      "rev": "d233902339c02a9c334e7e593de68855ad26c4cb",
      "rev_count": 998534,
      "rev_date": "2026-05-15T18:21:44Z",
      "scrape_date": "2026-05-17T07:34:26.284173Z",
      "stabilities": [
        "unstable"
      ],
      "unfree": false,
      "version": "3.6.2",
      "outputs_to_install": [
        "out"
      ],
      "outputs": {
        "out": "/nix/store/wdc71x3ym2hbpdsvxmyzvnilirdil5c8-prettier-3.6.2"
      },
      "system": "aarch64-linux",
      "group": "toplevel",
      "priority": 5
    },
    {
      "attr_path": "prettier",
      "broken": false,
      "derivation": "/nix/store/8yk6bmhcf7hgr8jqxqcdyih9gm591fpc-prettier-3.6.2.drv",
      "description": "Code formatter",
      "install_id": "prettier",
      "license": "MIT",
      "locked_url": "https://github.com/flox/nixpkgs?rev=d233902339c02a9c334e7e593de68855ad26c4cb",
      "name": "prettier-3.6.2",
      "pname": "prettier",
      "rev": "d233902339c02a9c334e7e593de68855ad26c4cb",
      "rev_count": 998534,
      "rev_date": "2026-05-15T18:21:44Z",
      "scrape_date": "2026-05-17T08:01:58.764438Z",
      "stabilities": [
        "unstable"
      ],
      "unfree": false,
      "version": "3.6.2",
      "outputs_to_install": [
        "out"
      ],
      "outputs": {
        "out": "/nix/store/jbzsiyl8z0kl51fj0nwyfpipjwgana1z-prettier-3.6.2"
      },
      "system": "x86_64-darwin",
      "group": "toplevel",
      "priority": 5
    },
    {
      "attr_path": "prettier",
      "broken": false,
      "derivation": "/nix/store/ww4v87g8qj6p9wlkhwdwijphw8fmr30a-prettier-3.6.2.drv",
      "description": "Code formatter",
      "install_id": "prettier",
      "license": "MIT",
      "locked_url": "https://github.com/flox/nixpkgs?rev=d233902339c02a9c334e7e593de68855ad26c4cb",
      "name": "prettier-3.6.2",
      "pname": "prettier",
      "rev": "d233902339c02a9c334e7e593de68855ad26c4cb",
      "rev_count": 998534,
      "rev_date": "2026-05-15T18:21:44Z",
      "scrape_date": "2026-05-17T08:33:12.866466Z",
      "stabilities": [
        "unstable"
      ],
      "unfree": false,
      "version": "3.6.2",
      "outputs_to_install": [
        "out"
      ],
      "outputs": {
        "out": "/nix/store/dyhx0gc483sn1apbzl3rvqj0ykf13wlp-prettier-3.6.2"
      },
      "system": "x86_64-linux",
      "group": "toplevel",
      "priority": 5
    },
    {
      "install_id": "infer",
      "locked-url": "github:inference-gateway/cli/9fa99d36a9eed8efe65bad85c3ba53d405c386d3?narHash=sha256-Re9UOFjjqBasuU%2BoRe7wUN2JfwLTcTP%2BDaz3Bt3tfpg%3D",
      "flake-description": "Inference Gateway CLI - infer",
      "locked-flake-attr-path": "packages.aarch64-darwin.default",
      "derivation": "/nix/store/80v5r9c3d56djgykcb66j0hschadbh1d-infer-0.109.11.drv",
      "outputs": {
        "out": "/nix/store/y378g3ardzhdm185xzs9hpxzrhdaz4vc-infer-0.109.11"
      },
      "output-names": [
        "out"
      ],
      "outputs-to-install": [
        "out"
      ],
      "requested-outputs-to-install": [],
      "package-system": "aarch64-darwin",
      "system": "aarch64-darwin",
      "name": "infer-0.109.11",
      "pname": "infer",
      "version": "0.109.11",
      "description": "Command-line interface for the Inference Gateway - AI model interaction manager",
      "licenses": [
        "MIT"
      ],
      "broken": false,
      "unfree": false,
      "priority": 5
    },
    {
      "install_id": "infer",
      "locked-url": "github:inference-gateway/cli/9fa99d36a9eed8efe65bad85c3ba53d405c386d3?narHash=sha256-Re9UOFjjqBasuU%2BoRe7wUN2JfwLTcTP%2BDaz3Bt3tfpg%3D",
      "flake-description": "Inference Gateway CLI - infer",
      "locked-flake-attr-path": "packages.aarch64-linux.default",
      "derivation": "/nix/store/a0ks779h5pcxzavj9vjm2ggik81gqn1h-infer-0.109.11.drv",
      "outputs": {
        "out": "/nix/store/71fj6d5bjpj6c0axhmlmym50a2hz8r1a-infer-0.109.11"
      },
      "output-names": [
        "out"
      ],
      "outputs-to-install": [
        "out"
      ],
      "requested-outputs-to-install": [],
      "package-system": "aarch64-linux",
      "system": "aarch64-linux",
      "name": "infer-0.109.11",
      "pname": "infer",
      "version": "0.109.11",
      "description": "Command-line interface for the Inference Gateway - AI model interaction manager",
      "licenses": [
        "MIT"
      ],
      "broken": false,
      "unfree": false,
      "priority": 5
    },
    {
      "install_id": "infer",
      "locked-url": "github:inference-gateway/cli/9fa99d36a9eed8efe65bad85c3ba53d405c386d3?narHash=sha256-Re9UOFjjqBasuU%2BoRe7wUN2JfwLTcTP%2BDaz3Bt3tfpg%3D",
      "flake-description": "Inference Gateway CLI - infer",
      "locked-flake-attr-path": "packages.x86_64-darwin.default",
      "derivation": "/nix/store/6360p5vwriizzvrw41l97a4r4f3ihhw9-infer-0.109.11.drv",
      "outputs": {
        "out": "/nix/store/cadhlw2mzcbgaqgzjqbhrmmh7f7v18a4-infer-0.109.11"
      },
      "output-names": [
        "out"
      ],
      "outputs-to-install": [
        "out"
      ],
      "requested-outputs-to-install": [],
      "package-system": "x86_64-darwin",
      "system": "x86_64-darwin",
      "name": "infer-0.109.11",
      "pname": "infer",
      "version": "0.109.11",
      "description": "Command-line interface for the Inference Gateway - AI model interaction manager",
      "licenses": [
        "MIT"
      ],
      "broken": false,
      "unfree": false,
      "priority": 5
    },
    {
      "install_id": "infer",
      "locked-url": "github:inference-gateway/cli/9fa99d36a9eed8efe65bad85c3ba53d405c386d3?narHash=sha256-Re9UOFjjqBasuU%2BoRe7wUN2JfwLTcTP%2BDaz3Bt3tfpg%3D",
      "flake-description": "Inference Gateway CLI - infer",
      "locked-flake-attr-path": "packages.x86_64-linux.default",
      "derivation": "/nix/store/22b3gk75i7a9123p7nyl1mwl5xd0j8d5-infer-0.109.11.drv",
      "outputs": {
        "out": "/nix/store/kr4vww7ax035rildp6kb14gpaxpk1ayl-infer-0.109.11"
      },
      "output-names": [
        "out"
      ],
      "outputs-to-install": [
        "out"
      ],
      "requested-outputs-to-install": [],
      "package-system": "x86_64-linux",
      "system": "x86_64-linux",
      "name": "infer-0.109.11",
      "pname": "infer",
      "version": "0.109.11",
      "description": "Command-line interface for the Inference Gateway - AI model interaction manager",
      "licenses": [
        "MIT"
      ],
      "broken": false,
      "unfree": false,
      "priority": 5
    }
  ]
}
