{
  "lockfile-version": 1,
  "manifest": {
    "schema-version": "1.11.0",
    "install": {
      "claude-code": {
        "pkg-path": "claude-code",
        "version": "^2.1.121"
      },
      "markdownlint-cli": {
        "pkg-path": "markdownlint-cli",
        "version": "^0.48.0"
      },
      "nodejs_24": {
        "pkg-path": "nodejs_24",
        "version": "^24.11.0",
        "outputs": "all"
      },
      "prettier": {
        "pkg-path": "prettier",
        "version": "^3.6.2"
      }
    },
    "options": {}
  },
  "packages": [
    {
      "attr_path": "claude-code",
      "broken": false,
      "derivation": "/nix/store/hqyfnd98krwan8i7yb3100rnnklx54w2-claude-code-2.1.121.drv",
      "description": "Agentic coding tool that lives in your terminal, understands your codebase, and helps you code faster",
      "install_id": "claude-code",
      "license": "Unfree",
      "locked_url": "https://github.com/flox/nixpkgs?rev=15f4ee454b1dce334612fa6843b3e05cf546efab",
      "name": "claude-code-2.1.121",
      "pname": "claude-code",
      "rev": "15f4ee454b1dce334612fa6843b3e05cf546efab",
      "rev_count": 990025,
      "rev_date": "2026-04-30T19:45:37Z",
      "scrape_date": "2026-05-03T08:10:22.380488Z",
      "stabilities": [
        "unstable"
      ],
      "unfree": true,
      "version": "2.1.121",
      "outputs_to_install": [
        "out"
      ],
      "outputs": {
        "out": "/nix/store/1im7qb4aigab8lmf08y3yd3zp1drgyx5-claude-code-2.1.121"
      },
      "system": "aarch64-darwin",
      "group": "toplevel",
      "priority": 5
    },
    {
      "attr_path": "claude-code",
      "broken": false,
      "derivation": "/nix/store/9dyv4jh10jj2snaq57413vpl1zgnq0p0-claude-code-2.1.121.drv",
      "description": "Agentic coding tool that lives in your terminal, understands your codebase, and helps you code faster",
      "install_id": "claude-code",
      "license": "Unfree",
      "locked_url": "https://github.com/flox/nixpkgs?rev=15f4ee454b1dce334612fa6843b3e05cf546efab",
      "name": "claude-code-2.1.121",
      "pname": "claude-code",
      "rev": "15f4ee454b1dce334612fa6843b3e05cf546efab",
      "rev_count": 990025,
      "rev_date": "2026-04-30T19:45:37Z",
      "scrape_date": "2026-05-03T08:44:33.919769Z",
      "stabilities": [
        "unstable"
      ],
      "unfree": true,
      "version": "2.1.121",
      "outputs_to_install": [
        "out"
      ],
      "outputs": {
        "out": "/nix/store/ajrks622dji73vzpfdqnmj1g9vc2w2pc-claude-code-2.1.121"
      },
      "system": "aarch64-linux",
      "group": "toplevel",
      "priority": 5
    },
    {
      "attr_path": "claude-code",
      "broken": false,
      "derivation": "/nix/store/ki6x4cscwyvdlnly9agrfpck3l9rnj85-claude-code-2.1.121.drv",
      "description": "Agentic coding tool that lives in your terminal, understands your codebase, and helps you code faster",
      "install_id": "claude-code",
      "license": "Unfree",
      "locked_url": "https://github.com/flox/nixpkgs?rev=15f4ee454b1dce334612fa6843b3e05cf546efab",
      "name": "claude-code-2.1.121",
      "pname": "claude-code",
      "rev": "15f4ee454b1dce334612fa6843b3e05cf546efab",
      "rev_count": 990025,
      "rev_date": "2026-04-30T19:45:37Z",
      "scrape_date": "2026-05-03T09:15:55.366730Z",
      "stabilities": [
        "unstable"
      ],
      "unfree": true,
      "version": "2.1.121",
      "outputs_to_install": [
        "out"
      ],
      "outputs": {
        "out": "/nix/store/h4rh5hk71hsk42s1vwfxgpjzj8mnq5ny-claude-code-2.1.121"
      },
      "system": "x86_64-darwin",
      "group": "toplevel",
      "priority": 5
    },
    {
      "attr_path": "claude-code",
      "broken": false,
      "derivation": "/nix/store/2p9z5g7h4rmr0934mzkyxiijcjgphdj4-claude-code-2.1.121.drv",
      "description": "Agentic coding tool that lives in your terminal, understands your codebase, and helps you code faster",
      "install_id": "claude-code",
      "license": "Unfree",
      "locked_url": "https://github.com/flox/nixpkgs?rev=15f4ee454b1dce334612fa6843b3e05cf546efab",
      "name": "claude-code-2.1.121",
      "pname": "claude-code",
      "rev": "15f4ee454b1dce334612fa6843b3e05cf546efab",
      "rev_count": 990025,
      "rev_date": "2026-04-30T19:45:37Z",
      "scrape_date": "2026-05-03T09:52:11.170334Z",
      "stabilities": [
        "unstable"
      ],
      "unfree": true,
      "version": "2.1.121",
      "outputs_to_install": [
        "out"
      ],
      "outputs": {
        "out": "/nix/store/n0f313wixxwzk4hb4dhisicsbb6p40s4-claude-code-2.1.121"
      },
      "system": "x86_64-linux",
      "group": "toplevel",
      "priority": 5
    },
    {
      "attr_path": "markdownlint-cli",
      "broken": false,
      "derivation": "/nix/store/73s87kdamnsl4ap23f0d0zkxh3pfp2ja-markdownlint-cli-0.48.0.drv",
      "description": "Command line interface for MarkdownLint",
      "install_id": "markdownlint-cli",
      "license": "MIT",
      "locked_url": "https://github.com/flox/nixpkgs?rev=15f4ee454b1dce334612fa6843b3e05cf546efab",
      "name": "markdownlint-cli-0.48.0",
      "pname": "markdownlint-cli",
      "rev": "15f4ee454b1dce334612fa6843b3e05cf546efab",
      "rev_count": 990025,
      "rev_date": "2026-04-30T19:45:37Z",
      "scrape_date": "2026-05-03T08:10:44.512780Z",
      "stabilities": [
        "unstable"
      ],
      "unfree": false,
      "version": "0.48.0",
      "outputs_to_install": [
        "out"
      ],
      "outputs": {
        "out": "/nix/store/375943y8zpzmxipls055d6bkp48yy68k-markdownlint-cli-0.48.0"
      },
      "system": "aarch64-darwin",
      "group": "toplevel",
      "priority": 5
    },
    {
      "attr_path": "markdownlint-cli",
      "broken": false,
      "derivation": "/nix/store/0hknmdjnz90vd1mjx0ka35k54dgdmwry-markdownlint-cli-0.48.0.drv",
      "description": "Command line interface for MarkdownLint",
      "install_id": "markdownlint-cli",
      "license": "MIT",
      "locked_url": "https://github.com/flox/nixpkgs?rev=15f4ee454b1dce334612fa6843b3e05cf546efab",
      "name": "markdownlint-cli-0.48.0",
      "pname": "markdownlint-cli",
      "rev": "15f4ee454b1dce334612fa6843b3e05cf546efab",
      "rev_count": 990025,
      "rev_date": "2026-04-30T19:45:37Z",
      "scrape_date": "2026-05-03T08:45:08.104176Z",
      "stabilities": [
        "unstable"
      ],
      "unfree": false,
      "version": "0.48.0",
      "outputs_to_install": [
        "out"
      ],
      "outputs": {
        "out": "/nix/store/nh1iablhmj7n806b6y72bmh0c9aix7d0-markdownlint-cli-0.48.0"
      },
      "system": "aarch64-linux",
      "group": "toplevel",
      "priority": 5
    },
    {
      "attr_path": "markdownlint-cli",
      "broken": false,
      "derivation": "/nix/store/1jz4sryli1vdzajqmbq9fdsnp82ifvry-markdownlint-cli-0.48.0.drv",
      "description": "Command line interface for MarkdownLint",
      "install_id": "markdownlint-cli",
      "license": "MIT",
      "locked_url": "https://github.com/flox/nixpkgs?rev=15f4ee454b1dce334612fa6843b3e05cf546efab",
      "name": "markdownlint-cli-0.48.0",
      "pname": "markdownlint-cli",
      "rev": "15f4ee454b1dce334612fa6843b3e05cf546efab",
      "rev_count": 990025,
      "rev_date": "2026-04-30T19:45:37Z",
      "scrape_date": "2026-05-03T09:16:17.738752Z",
      "stabilities": [
        "unstable"
      ],
      "unfree": false,
      "version": "0.48.0",
      "outputs_to_install": [
        "out"
      ],
      "outputs": {
        "out": "/nix/store/b0wcf7mlj7pa5r5al36i84jjgr7l9802-markdownlint-cli-0.48.0"
      },
      "system": "x86_64-darwin",
      "group": "toplevel",
      "priority": 5
    },
    {
      "attr_path": "markdownlint-cli",
      "broken": false,
      "derivation": "/nix/store/rn9qpib508cxcyi4gavfln1s9a3xlq7c-markdownlint-cli-0.48.0.drv",
      "description": "Command line interface for MarkdownLint",
      "install_id": "markdownlint-cli",
      "license": "MIT",
      "locked_url": "https://github.com/flox/nixpkgs?rev=15f4ee454b1dce334612fa6843b3e05cf546efab",
      "name": "markdownlint-cli-0.48.0",
      "pname": "markdownlint-cli",
      "rev": "15f4ee454b1dce334612fa6843b3e05cf546efab",
      "rev_count": 990025,
      "rev_date": "2026-04-30T19:45:37Z",
      "scrape_date": "2026-05-03T09:52:47.461014Z",
      "stabilities": [
        "unstable"
      ],
      "unfree": false,
      "version": "0.48.0",
      "outputs_to_install": [
        "out"
      ],
      "outputs": {
        "out": "/nix/store/fa2dd63i6mg5ny73799ndmm20yin8575-markdownlint-cli-0.48.0"
      },
      "system": "x86_64-linux",
      "group": "toplevel",
      "priority": 5
    },
    {
      "attr_path": "nodejs_24",
      "broken": false,
      "derivation": "/nix/store/1m7745r13n7wk43fzx5yr3jjr3vdc1db-nodejs-24.14.1.drv",
      "description": "Event-driven I/O framework for the V8 JavaScript engine",
      "install_id": "nodejs_24",
      "license": "MIT",
      "locked_url": "https://github.com/flox/nixpkgs?rev=15f4ee454b1dce334612fa6843b3e05cf546efab",
      "name": "nodejs-24.14.1",
      "pname": "nodejs_24",
      "rev": "15f4ee454b1dce334612fa6843b3e05cf546efab",
      "rev_count": 990025,
      "rev_date": "2026-04-30T19:45:37Z",
      "scrape_date": "2026-05-03T08:10:46.948511Z",
      "stabilities": [
        "unstable"
      ],
      "unfree": false,
      "version": "24.14.1",
      "outputs_to_install": [
        "out",
        "out"
      ],
      "outputs": {
        "out": "/nix/store/sf85v1qd1glkmsyfxwn9p8wridb4qf6y-nodejs-24.14.1"
      },
      "system": "aarch64-darwin",
      "group": "toplevel",
      "priority": 5
    },
    {
      "attr_path": "nodejs_24",
      "broken": false,
      "derivation": "/nix/store/3h5ymdg61db3f9xwhwclj05afipbxiq2-nodejs-24.14.1.drv",
      "description": "Event-driven I/O framework for the V8 JavaScript engine",
      "install_id": "nodejs_24",
      "license": "MIT",
      "locked_url": "https://github.com/flox/nixpkgs?rev=15f4ee454b1dce334612fa6843b3e05cf546efab",
      "name": "nodejs-24.14.1",
      "pname": "nodejs_24",
      "rev": "15f4ee454b1dce334612fa6843b3e05cf546efab",
      "rev_count": 990025,
      "rev_date": "2026-04-30T19:45:37Z",
      "scrape_date": "2026-05-03T08:45:12.090351Z",
      "stabilities": [
        "unstable"
      ],
      "unfree": false,
      "version": "24.14.1",
      "outputs_to_install": [
        "out",
        "out"
      ],
      "outputs": {
        "out": "/nix/store/amh21igq2gjg6ai42f3ksan8fh89qvpm-nodejs-24.14.1"
      },
      "system": "aarch64-linux",
      "group": "toplevel",
      "priority": 5
    },
    {
      "attr_path": "nodejs_24",
      "broken": false,
      "derivation": "/nix/store/aarkp2y0aj12skgji58mbf5va0dcf9bd-nodejs-24.14.1.drv",
      "description": "Event-driven I/O framework for the V8 JavaScript engine",
      "install_id": "nodejs_24",
      "license": "MIT",
      "locked_url": "https://github.com/flox/nixpkgs?rev=15f4ee454b1dce334612fa6843b3e05cf546efab",
      "name": "nodejs-24.14.1",
      "pname": "nodejs_24",
      "rev": "15f4ee454b1dce334612fa6843b3e05cf546efab",
      "rev_count": 990025,
      "rev_date": "2026-04-30T19:45:37Z",
      "scrape_date": "2026-05-03T09:16:20.086256Z",
      "stabilities": [
        "unstable"
      ],
      "unfree": false,
      "version": "24.14.1",
      "outputs_to_install": [
        "out",
        "out"
      ],
      "outputs": {
        "out": "/nix/store/w9axwcpzxv1cd78d6v748az2j08k6vfw-nodejs-24.14.1"
      },
      "system": "x86_64-darwin",
      "group": "toplevel",
      "priority": 5
    },
    {
      "attr_path": "nodejs_24",
      "broken": false,
      "derivation": "/nix/store/8l6p07vmrcj7lsry0jz2ayp1rmpyjdai-nodejs-24.14.1.drv",
      "description": "Event-driven I/O framework for the V8 JavaScript engine",
      "install_id": "nodejs_24",
      "license": "MIT",
      "locked_url": "https://github.com/flox/nixpkgs?rev=15f4ee454b1dce334612fa6843b3e05cf546efab",
      "name": "nodejs-24.14.1",
      "pname": "nodejs_24",
      "rev": "15f4ee454b1dce334612fa6843b3e05cf546efab",
      "rev_count": 990025,
      "rev_date": "2026-04-30T19:45:37Z",
      "scrape_date": "2026-05-03T09:52:51.744258Z",
      "stabilities": [
        "unstable"
      ],
      "unfree": false,
      "version": "24.14.1",
      "outputs_to_install": [
        "out",
        "out"
      ],
      "outputs": {
        "out": "/nix/store/785jidgnryzj566s25s3rb262d4g5znb-nodejs-24.14.1"
      },
      "system": "x86_64-linux",
      "group": "toplevel",
      "priority": 5
    },
    {
      "attr_path": "prettier",
      "broken": false,
      "derivation": "/nix/store/p4nw2c5m2m7r35f3z4hq8if7pyfj7p7v-prettier-3.6.2.drv",
      "description": "Code formatter",
      "install_id": "prettier",
      "license": "MIT",
      "locked_url": "https://github.com/flox/nixpkgs?rev=15f4ee454b1dce334612fa6843b3e05cf546efab",
      "name": "prettier-3.6.2",
      "pname": "prettier",
      "rev": "15f4ee454b1dce334612fa6843b3e05cf546efab",
      "rev_count": 990025,
      "rev_date": "2026-04-30T19:45:37Z",
      "scrape_date": "2026-05-03T08:11:02.679540Z",
      "stabilities": [
        "unstable"
      ],
      "unfree": false,
      "version": "3.6.2",
      "outputs_to_install": [
        "out"
      ],
      "outputs": {
        "out": "/nix/store/knbvzb4pjrnczbqa46qav0qav24a1ik3-prettier-3.6.2"
      },
      "system": "aarch64-darwin",
      "group": "toplevel",
      "priority": 5
    },
    {
      "attr_path": "prettier",
      "broken": false,
      "derivation": "/nix/store/2k45fmj7ix9rnxzslbx06cdzhjxn9r7x-prettier-3.6.2.drv",
      "description": "Code formatter",
      "install_id": "prettier",
      "license": "MIT",
      "locked_url": "https://github.com/flox/nixpkgs?rev=15f4ee454b1dce334612fa6843b3e05cf546efab",
      "name": "prettier-3.6.2",
      "pname": "prettier",
      "rev": "15f4ee454b1dce334612fa6843b3e05cf546efab",
      "rev_count": 990025,
      "rev_date": "2026-04-30T19:45:37Z",
      "scrape_date": "2026-05-03T08:45:32.965703Z",
      "stabilities": [
        "unstable"
      ],
      "unfree": false,
      "version": "3.6.2",
      "outputs_to_install": [
        "out"
      ],
      "outputs": {
        "out": "/nix/store/lgrfjzfzqsf377w1qgw5ppp98jwd7xjj-prettier-3.6.2"
      },
      "system": "aarch64-linux",
      "group": "toplevel",
      "priority": 5
    },
    {
      "attr_path": "prettier",
      "broken": false,
      "derivation": "/nix/store/71zwca4n5d3giz4j3c574h65x369gy55-prettier-3.6.2.drv",
      "description": "Code formatter",
      "install_id": "prettier",
      "license": "MIT",
      "locked_url": "https://github.com/flox/nixpkgs?rev=15f4ee454b1dce334612fa6843b3e05cf546efab",
      "name": "prettier-3.6.2",
      "pname": "prettier",
      "rev": "15f4ee454b1dce334612fa6843b3e05cf546efab",
      "rev_count": 990025,
      "rev_date": "2026-04-30T19:45:37Z",
      "scrape_date": "2026-05-03T09:16:35.316223Z",
      "stabilities": [
        "unstable"
      ],
      "unfree": false,
      "version": "3.6.2",
      "outputs_to_install": [
        "out"
      ],
      "outputs": {
        "out": "/nix/store/2hrxz98f09l2l45l28aimn43475xb5fb-prettier-3.6.2"
      },
      "system": "x86_64-darwin",
      "group": "toplevel",
      "priority": 5
    },
    {
      "attr_path": "prettier",
      "broken": false,
      "derivation": "/nix/store/8za96cjd2i3f4pxi8pq7wcwr7hcr7ai6-prettier-3.6.2.drv",
      "description": "Code formatter",
      "install_id": "prettier",
      "license": "MIT",
      "locked_url": "https://github.com/flox/nixpkgs?rev=15f4ee454b1dce334612fa6843b3e05cf546efab",
      "name": "prettier-3.6.2",
      "pname": "prettier",
      "rev": "15f4ee454b1dce334612fa6843b3e05cf546efab",
      "rev_count": 990025,
      "rev_date": "2026-04-30T19:45:37Z",
      "scrape_date": "2026-05-03T09:53:13.777113Z",
      "stabilities": [
        "unstable"
      ],
      "unfree": false,
      "version": "3.6.2",
      "outputs_to_install": [
        "out"
      ],
      "outputs": {
        "out": "/nix/store/981pqf7wq6p2m4g6yvrkb1d06gsh8z32-prettier-3.6.2"
      },
      "system": "x86_64-linux",
      "group": "toplevel",
      "priority": 5
    }
  ]
}
